
Microsoft Visual Studio Solution File, Format Version 12.00
# Visual Studio Version 17
VisualStudioVersion = 17.11.35222.181
MinimumVisualStudioVersion = 10.0.40219.1
Project("{FAE04EC0-301F-11D3-BF4B-00C04F79EFBC}") = "Cwiczenia1", "Cwiczenia1\Cwiczenia1.csproj", "{4B8DA2D6-DBAF-4B96-81CB-3A5CDC716D1F}"
EndProject
Global
	GlobalSection(SolutionConfigurationPlatforms) = preSolution
		Debug|Any CPU = Debug|Any CPU
		Release|Any CPU = Release|Any CPU
	EndGlobalSection
	GlobalSection(ProjectConfigurationPlatforms) = postSolution
		{4B8DA2D6-DBAF-4B96-81CB-3A5CDC716D1F}.Debug|Any CPU.ActiveCfg = Debug|Any CPU
		{4B8DA2D6-DBAF-4B96-81CB-3A5CDC716D1F}.Debug|Any CPU.Build.0 = Debug|Any CPU
		{4B8DA2D6-DBAF-4B96-81CB-3A5CDC716D1F}.Release|Any CPU.ActiveCfg = Release|Any CPU
		{4B8DA2D6-DBAF-4B96-81CB-3A5CDC716D1F}.Release|Any CPU.Build.0 = Release|Any CPU
	EndGlobalSection
	GlobalSection(SolutionProperties) = preSolution
		HideSolutionNode = FALSE
	EndGlobalSection
	GlobalSection(ExtensibilityGlobals) = postSolution
		SolutionGuid = {27A6FCCB-E3DB-447F-9E0A-0412DC2AAC7F}
	EndGlobalSection
EndGlobal
